
Microsoft Visual Studio Solution File, Format Version 12.00
# Visual Studio Version 16
VisualStudioVersion = 16.0.31729.503
MinimumVisualStudioVersion = 10.0.40219.1
Project("{9A19103F-16F7-4668-BE54-9A1E7A4F7556}") = "KoppermannBlazorWebApp", "KoppermannBlazorWebApp.csproj", "{ACB1C5D3-3A11-4DFF-BD21-B95A720F2B4C}"
EndProject
Global
	GlobalSection(SolutionConfigurationPlatforms) = preSolution
		Debug|Any CPU = Debug|Any CPU
		Release|Any CPU = Release|Any CPU
	EndGlobalSection
	GlobalSection(ProjectConfigurationPlatforms) = postSolution
		{ACB1C5D3-3A11-4DFF-BD21-B95A720F2B4C}.Debug|Any CPU.ActiveCfg = Debug|Any CPU
		{ACB1C5D3-3A11-4DFF-BD21-B95A720F2B4C}.Debug|Any CPU.Build.0 = Debug|Any CPU
		{ACB1C5D3-3A11-4DFF-BD21-B95A720F2B4C}.Release|Any CPU.ActiveCfg = Release|Any CPU
		{ACB1C5D3-3A11-4DFF-BD21-B95A720F2B4C}.Release|Any CPU.Build.0 = Release|Any CPU
	EndGlobalSection
	GlobalSection(SolutionProperties) = preSolution
		HideSolutionNode = FALSE
	EndGlobalSection
	GlobalSection(ExtensibilityGlobals) = postSolution
		SolutionGuid = {7432A8F9-A931-4285-98DB-928F170A7CD5}
	EndGlobalSection
EndGlobal
